
Microsoft Visual Studio Solution File, Format Version 12.00
# Visual Studio 15
VisualStudioVersion = 15.0.28307.421
MinimumVisualStudioVersion = 10.0.40219.1
Project("{FAE04EC0-301F-11D3-BF4B-00C04F79EFBC}") = "LocationVoiture.Data", "Location.Data\LocationVoiture.Data.csproj", "{62F25EDF-9D44-41BF-B248-A012E9C86061}"
EndProject
Project("{FAE04EC0-301F-11D3-BF4B-00C04F79EFBC}") = "LocationVoiture.Domain", "Location.Domain\LocationVoiture.Domain.csproj", "{FC7C02F5-A8B4-41AB-AA6D-71B949F905B4}"
EndProject
Project("{FAE04EC0-301F-11D3-BF4B-00C04F79EFBC}") = "LocationVoiture.Pattern", "Location.Pattern\LocationVoiture.Pattern.csproj", "{A30F4F8C-B364-4624-9D84-4FF5521FC1AE}"
EndProject
Project("{FAE04EC0-301F-11D3-BF4B-00C04F79EFBC}") = "LocationVoiture.Service", "Location.Service\LocationVoiture.Service.csproj", "{044AB71A-4D9C-430F-8C7F-706E4A097A99}"
EndProject
Project("{FAE04EC0-301F-11D3-BF4B-00C04F79EFBC}") = "LocationVoiture", "LocationVoiture\LocationVoiture.csproj", "{44BB812D-2B5D-4093-B856-685BF2E747E4}"
EndProject
Global
	GlobalSection(SolutionConfigurationPlatforms) = preSolution
		Debug|Any CPU = Debug|Any CPU
		Release|Any CPU = Release|Any CPU
	EndGlobalSection
	GlobalSection(ProjectConfigurationPlatforms) = postSolution
		{62F25EDF-9D44-41BF-B248-A012E9C86061}.Debug|Any CPU.ActiveCfg = Debug|Any CPU
		{62F25EDF-9D44-41BF-B248-A012E9C86061}.Debug|Any CPU.Build.0 = Debug|Any CPU
		{62F25EDF-9D44-41BF-B248-A012E9C86061}.Release|Any CPU.ActiveCfg = Release|Any CPU
		{62F25EDF-9D44-41BF-B248-A012E9C86061}.Release|Any CPU.Build.0 = Release|Any CPU
		{FC7C02F5-A8B4-41AB-AA6D-71B949F905B4}.Debug|Any CPU.ActiveCfg = Debug|Any CPU
		{FC7C02F5-A8B4-41AB-AA6D-71B949F905B4}.Debug|Any CPU.Build.0 = Debug|Any CPU
		{FC7C02F5-A8B4-41AB-AA6D-71B949F905B4}.Release|Any CPU.ActiveCfg = Release|Any CPU
		{FC7C02F5-A8B4-41AB-AA6D-71B949F905B4}.Release|Any CPU.Build.0 = Release|Any CPU
		{A30F4F8C-B364-4624-9D84-4FF5521FC1AE}.Debug|Any CPU.ActiveCfg = Debug|Any CPU
		{A30F4F8C-B364-4624-9D84-4FF5521FC1AE}.Debug|Any CPU.Build.0 = Debug|Any CPU
		{A30F4F8C-B364-4624-9D84-4FF5521FC1AE}.Release|Any CPU.ActiveCfg = Release|Any CPU
		{A30F4F8C-B364-4624-9D84-4FF5521FC1AE}.Release|Any CPU.Build.0 = Release|Any CPU
		{044AB71A-4D9C-430F-8C7F-706E4A097A99}.Debug|Any CPU.ActiveCfg = Debug|Any CPU
		{044AB71A-4D9C-430F-8C7F-706E4A097A99}.Debug|Any CPU.Build.0 = Debug|Any CPU
		{044AB71A-4D9C-430F-8C7F-706E4A097A99}.Release|Any CPU.ActiveCfg = Release|Any CPU
		{044AB71A-4D9C-430F-8C7F-706E4A097A99}.Release|Any CPU.Build.0 = Release|Any CPU
		{44BB812D-2B5D-4093-B856-685BF2E747E4}.Debug|Any CPU.ActiveCfg = Debug|Any CPU
		{44BB812D-2B5D-4093-B856-685BF2E747E4}.Debug|Any CPU.Build.0 = Debug|Any CPU
		{44BB812D-2B5D-4093-B856-685BF2E747E4}.Release|Any CPU.ActiveCfg = Release|Any CPU
		{44BB812D-2B5D-4093-B856-685BF2E747E4}.Release|Any CPU.Build.0 = Release|Any CPU
	EndGlobalSection
	GlobalSection(SolutionProperties) = preSolution
		HideSolutionNode = FALSE
	EndGlobalSection
	GlobalSection(ExtensibilityGlobals) = postSolution
		SolutionGuid = {1AD470C2-B8D4-4085-9B2E-EFF3467ED393}
	EndGlobalSection
EndGlobal
